
Microsoft Visual Studio Solution File, Format Version 12.00
# Visual Studio 14
VisualStudioVersion = 14.0.25420.1
MinimumVisualStudioVersion = 10.0.40219.1
Project("{FAE04EC0-301F-11D3-BF4B-00C04F79EFBC}") = "MyTranslator", "MyTranslator\MyTranslator.csproj", "{2829D764-1CC3-438D-8DBB-C146DB49CF71}"
EndProject
Project("{2150E333-8FDC-42A3-9474-1A3956D46DE8}") = "Tests", "Tests", "{B0DBCA2A-D6E5-4E20-8A6C-E229F03263FE}"
EndProject
Project("{FAE04EC0-301F-11D3-BF4B-00C04F79EFBC}") = "UnitTest", "UnitTest\UnitTest.csproj", "{190285A4-CA80-42A1-8CB5-1EDF74762B38}"
EndProject
Project("{2150E333-8FDC-42A3-9474-1A3956D46DE8}") = "Base", "Base", "{5A0E4791-BFCC-4792-8506-7AB26F0B6D0E}"
EndProject
Project("{2150E333-8FDC-42A3-9474-1A3956D46DE8}") = "Plugins", "Plugins", "{81ED3951-078D-405E-9F6E-FCBB18BFA402}"
EndProject
Project("{FAE04EC0-301F-11D3-BF4B-00C04F79EFBC}") = "ClipboardCapturer", "ClipboardCapturer\ClipboardCapturer.csproj", "{0FD39CE1-055A-4E10-A574-4DE2F3F745E5}"
EndProject
Project("{FAE04EC0-301F-11D3-BF4B-00C04F79EFBC}") = "EzTransXP", "EzTransXP\EzTransXP.csproj", "{05C2E236-C04D-4550-8D78-473ED411402D}"
EndProject
Project("{FAE04EC0-301F-11D3-BF4B-00C04F79EFBC}") = "Presentator", "Presentator\Presentator.csproj", "{9F57F568-5264-43A8-A373-CF3A58A01DFB}"
EndProject
Project("{FAE04EC0-301F-11D3-BF4B-00C04F79EFBC}") = "Test", "Test\Test.csproj", "{7E024399-9CB4-4B62-A1F3-4830A13742C5}"
EndProject
Global
	GlobalSection(SolutionConfigurationPlatforms) = preSolution
		Debug|Any CPU = Debug|Any CPU
		Release|Any CPU = Release|Any CPU
	EndGlobalSection
	GlobalSection(ProjectConfigurationPlatforms) = postSolution
		{2829D764-1CC3-438D-8DBB-C146DB49CF71}.Debug|Any CPU.ActiveCfg = Debug|Any CPU
		{2829D764-1CC3-438D-8DBB-C146DB49CF71}.Debug|Any CPU.Build.0 = Debug|Any CPU
		{2829D764-1CC3-438D-8DBB-C146DB49CF71}.Release|Any CPU.ActiveCfg = Release|Any CPU
		{2829D764-1CC3-438D-8DBB-C146DB49CF71}.Release|Any CPU.Build.0 = Release|Any CPU
		{190285A4-CA80-42A1-8CB5-1EDF74762B38}.Debug|Any CPU.ActiveCfg = Debug|Any CPU
		{190285A4-CA80-42A1-8CB5-1EDF74762B38}.Debug|Any CPU.Build.0 = Debug|Any CPU
		{190285A4-CA80-42A1-8CB5-1EDF74762B38}.Release|Any CPU.ActiveCfg = Release|Any CPU
		{190285A4-CA80-42A1-8CB5-1EDF74762B38}.Release|Any CPU.Build.0 = Release|Any CPU
		{0FD39CE1-055A-4E10-A574-4DE2F3F745E5}.Debug|Any CPU.ActiveCfg = Debug|Any CPU
		{0FD39CE1-055A-4E10-A574-4DE2F3F745E5}.Debug|Any CPU.Build.0 = Debug|Any CPU
		{0FD39CE1-055A-4E10-A574-4DE2F3F745E5}.Release|Any CPU.ActiveCfg = Release|Any CPU
		{0FD39CE1-055A-4E10-A574-4DE2F3F745E5}.Release|Any CPU.Build.0 = Release|Any CPU
		{05C2E236-C04D-4550-8D78-473ED411402D}.Debug|Any CPU.ActiveCfg = Debug|Any CPU
		{05C2E236-C04D-4550-8D78-473ED411402D}.Debug|Any CPU.Build.0 = Debug|Any CPU
		{05C2E236-C04D-4550-8D78-473ED411402D}.Release|Any CPU.ActiveCfg = Release|Any CPU
		{05C2E236-C04D-4550-8D78-473ED411402D}.Release|Any CPU.Build.0 = Release|Any CPU
		{9F57F568-5264-43A8-A373-CF3A58A01DFB}.Debug|Any CPU.ActiveCfg = Debug|Any CPU
		{9F57F568-5264-43A8-A373-CF3A58A01DFB}.Debug|Any CPU.Build.0 = Debug|Any CPU
		{9F57F568-5264-43A8-A373-CF3A58A01DFB}.Release|Any CPU.ActiveCfg = Release|Any CPU
		{9F57F568-5264-43A8-A373-CF3A58A01DFB}.Release|Any CPU.Build.0 = Release|Any CPU
		{7E024399-9CB4-4B62-A1F3-4830A13742C5}.Debug|Any CPU.ActiveCfg = Debug|Any CPU
		{7E024399-9CB4-4B62-A1F3-4830A13742C5}.Debug|Any CPU.Build.0 = Debug|Any CPU
		{7E024399-9CB4-4B62-A1F3-4830A13742C5}.Release|Any CPU.ActiveCfg = Release|Any CPU
		{7E024399-9CB4-4B62-A1F3-4830A13742C5}.Release|Any CPU.Build.0 = Release|Any CPU
	EndGlobalSection
	GlobalSection(SolutionProperties) = preSolution
		HideSolutionNode = FALSE
	EndGlobalSection
	GlobalSection(NestedProjects) = preSolution
		{2829D764-1CC3-438D-8DBB-C146DB49CF71} = {5A0E4791-BFCC-4792-8506-7AB26F0B6D0E}
		{190285A4-CA80-42A1-8CB5-1EDF74762B38} = {B0DBCA2A-D6E5-4E20-8A6C-E229F03263FE}
		{0FD39CE1-055A-4E10-A574-4DE2F3F745E5} = {81ED3951-078D-405E-9F6E-FCBB18BFA402}
		{05C2E236-C04D-4550-8D78-473ED411402D} = {81ED3951-078D-405E-9F6E-FCBB18BFA402}
		{9F57F568-5264-43A8-A373-CF3A58A01DFB} = {81ED3951-078D-405E-9F6E-FCBB18BFA402}
		{7E024399-9CB4-4B62-A1F3-4830A13742C5} = {B0DBCA2A-D6E5-4E20-8A6C-E229F03263FE}
	EndGlobalSection
EndGlobal
